// !$*UTF8*$!
{
	archiveVersion = 1;
	classes = {
	};
	objectVersion = 77;
	objects = {

/* Begin PBXBuildFile section */
		BF87E8202DF8B60200538B33 /* LunarisWatch Watch App.app in Embed Watch Content */ = {isa = PBXBuildFile; fileRef = BF87E8162DF8B5FB00538B33 /* LunarisWatch Watch App.app */; settings = {ATTRIBUTES = (RemoveHeadersOnCopy, ); }; };
/* End PBXBuildFile section */

/* Begin PBXContainerItemProxy section */
		3F2B2E212DDEB9EF00956565 /* PBXContainerItemProxy */ = {
			isa = PBXContainerItemProxy;
			containerPortal = 3F2B2E0B2DDEB9ED00956565 /* Project object */;
			proxyType = 1;
			remoteGlobalIDString = 3F2B2E122DDEB9ED00956565;
			remoteInfo = ALP_MAD_Joey;
		};
		3F2B2E2B2DDEB9EF00956565 /* PBXContainerItemProxy */ = {
			isa = PBXContainerItemProxy;
			containerPortal = 3F2B2E0B2DDEB9ED00956565 /* Project object */;
			proxyType = 1;
			remoteGlobalIDString = 3F2B2E122DDEB9ED00956565;
			remoteInfo = ALP_MAD_Joey;
		};
		BF87E80E2DF8B4FE00538B33 /* PBXContainerItemProxy */ = {
			isa = PBXContainerItemProxy;
			containerPortal = 3F2B2E0B2DDEB9ED00956565 /* Project object */;
			proxyType = 1;
			remoteGlobalIDString = 3F2B2E122DDEB9ED00956565;
			remoteInfo = ALP_MAD_Joey;
		};
		BF87E81E2DF8B60200538B33 /* PBXContainerItemProxy */ = {
			isa = PBXContainerItemProxy;
			containerPortal = 3F2B2E0B2DDEB9ED00956565 /* Project object */;
			proxyType = 1;
			remoteGlobalIDString = BF87E8152DF8B5FB00538B33;
			remoteInfo = "LunarisWatch Watch App";
		};
/* End PBXContainerItemProxy section */

/* Begin PBXCopyFilesBuildPhase section */
		F9EDFE6E2DF8A41800478AA3 /* Embed Watch Content */ = {
			isa = PBXCopyFilesBuildPhase;
			buildActionMask = 2147483647;
			dstPath = "$(CONTENTS_FOLDER_PATH)/Watch";
			dstSubfolderSpec = 16;
			files = (
				BF87E8202DF8B60200538B33 /* LunarisWatch Watch App.app in Embed Watch Content */,
			);
			name = "Embed Watch Content";
			runOnlyForDeploymentPostprocessing = 0;
		};
/* End PBXCopyFilesBuildPhase section */

/* Begin PBXFileReference section */
		3F2B2E132DDEB9ED00956565 /* ALP_MAD_Joey.app */ = {isa = PBXFileReference; explicitFileType = wrapper.application; includeInIndex = 0; path = ALP_MAD_Joey.app; sourceTree = BUILT_PRODUCTS_DIR; };
		3F2B2E202DDEB9EF00956565 /* ALP_MAD_JoeyTests.xctest */ = {isa = PBXFileReference; explicitFileType = wrapper.cfbundle; includeInIndex = 0; path = ALP_MAD_JoeyTests.xctest; sourceTree = BUILT_PRODUCTS_DIR; };
		3F2B2E2A2DDEB9EF00956565 /* ALP_MAD_JoeyUITests.xctest */ = {isa = PBXFileReference; explicitFileType = wrapper.cfbundle; includeInIndex = 0; path = ALP_MAD_JoeyUITests.xctest; sourceTree = BUILT_PRODUCTS_DIR; };
		BF87E8162DF8B5FB00538B33 /* LunarisWatch Watch App.app */ = {isa = PBXFileReference; explicitFileType = wrapper.application; includeInIndex = 0; path = "LunarisWatch Watch App.app"; sourceTree = BUILT_PRODUCTS_DIR; };
		BFAA68C42DF88533001A4E40 /* WatchConnectivity.framework */ = {isa = PBXFileReference; lastKnownFileType = wrapper.framework; name = WatchConnectivity.framework; path = System/Library/Frameworks/WatchConnectivity.framework; sourceTree = SDKROOT; };
		BFAA68E32DF89134001A4E40 /* LunarisIpad.app */ = {isa = PBXFileReference; explicitFileType = wrapper.application; includeInIndex = 0; path = LunarisIpad.app; sourceTree = BUILT_PRODUCTS_DIR; };
/* End PBXFileReference section */

/* Begin PBXFileSystemSynchronizedBuildFileExceptionSet section */
		BFAA69012DF89176001A4E40 /* Exceptions for "ALP_MAD_Joey" folder in "LunarisIpad" target */ = {
			isa = PBXFileSystemSynchronizedBuildFileExceptionSet;
			membershipExceptions = (
				Data/MeditationData.swift,
				Model/MeditateSessionModel.swift,
				Model/MeditationCardModel.swift,
				Model/MoodModel.swift,
				Model/ReminderModel.swift,
				Model/UserModel.swift,
			);
			target = BFAA68E22DF89134001A4E40 /* LunarisIpad */;
		};
		F9ED016E2DF8BCA200478AA3 /* Exceptions for "ALP_MAD_Joey" folder in "LunarisWatch Watch App" target */ = {
			isa = PBXFileSystemSynchronizedBuildFileExceptionSet;
			membershipExceptions = (
				Model/MeditateSessionModel.swift,
				Model/MeditationCardModel.swift,
				Model/MoodModel.swift,
				Model/ReminderModel.swift,
				Model/UserModel.swift,
			);
			target = BF87E8152DF8B5FB00538B33 /* LunarisWatch Watch App */;
		};
/* End PBXFileSystemSynchronizedBuildFileExceptionSet section */

/* Begin PBXFileSystemSynchronizedGroupBuildPhaseMembershipExceptionSet section */
		BFAA68F42DF8915C001A4E40 /* Exceptions for "ALP_MAD_Joey" folder in "Compile Sources" phase from "LunarisIpad" target */ = {
			isa = PBXFileSystemSynchronizedGroupBuildPhaseMembershipExceptionSet;
			buildPhase = BFAA68DF2DF89134001A4E40 /* Sources */;
			membershipExceptions = (
				"Audio/Ada Nona Ambon Ga Disini.mp3",
				"Audio/Don't Listen to Them.mp3",
				"Audio/Kiss The Rain.mp3",
				"Audio/Love Me.mp3",
				"Audio/River Flows In You.mp3",
				"Audio/Young Gay.mp3",
			);
		};
/* End PBXFileSystemSynchronizedGroupBuildPhaseMembershipExceptionSet section */

/* Begin PBXFileSystemSynchronizedRootGroup section */
		3F2B2E152DDEB9ED00956565 /* ALP_MAD_Joey */ = {
			isa = PBXFileSystemSynchronizedRootGroup;
			exceptions = (
				BFAA69012DF89176001A4E40 /* Exceptions for "ALP_MAD_Joey" folder in "LunarisIpad" target */,
				BFAA68F42DF8915C001A4E40 /* Exceptions for "ALP_MAD_Joey" folder in "Compile Sources" phase from "LunarisIpad" target */,
				F9ED016E2DF8BCA200478AA3 /* Exceptions for "ALP_MAD_Joey" folder in "LunarisWatch Watch App" target */,
			);
			path = ALP_MAD_Joey;
			sourceTree = "<group>";
		};
		3F2B2E232DDEB9EF00956565 /* ALP_MAD_JoeyTests */ = {
			isa = PBXFileSystemSynchronizedRootGroup;
			path = ALP_MAD_JoeyTests;
			sourceTree = "<group>";
		};
		3F2B2E2D2DDEB9EF00956565 /* ALP_MAD_JoeyUITests */ = {
			isa = PBXFileSystemSynchronizedRootGroup;
			path = ALP_MAD_JoeyUITests;
			sourceTree = "<group>";
		};
		BF87E8172DF8B5FB00538B33 /* LunarisWatch Watch App */ = {
			isa = PBXFileSystemSynchronizedRootGroup;
			path = "LunarisWatch Watch App";
			sourceTree = "<group>";
		};
		BFAA68E42DF89134001A4E40 /* LunarisIpad */ = {
			isa = PBXFileSystemSynchronizedRootGroup;
			path = LunarisIpad;
			sourceTree = "<group>";
		};
/* End PBXFileSystemSynchronizedRootGroup section */

/* Begin PBXFrameworksBuildPhase section */
		3F2B2E102DDEB9ED00956565 /* Frameworks */ = {
			isa = PBXFrameworksBuildPhase;
			buildActionMask = 2147483647;
			files = (
			);
			runOnlyForDeploymentPostprocessing = 0;
		};
		3F2B2E1D2DDEB9EF00956565 /* Frameworks */ = {
			isa = PBXFrameworksBuildPhase;
			buildActionMask = 2147483647;
			files = (
			);
			runOnlyForDeploymentPostprocessing = 0;
		};
		3F2B2E272DDEB9EF00956565 /* Frameworks */ = {
			isa = PBXFrameworksBuildPhase;
			buildActionMask = 2147483647;
			files = (
			);
			runOnlyForDeploymentPostprocessing = 0;
		};
		BF87E8132DF8B5FB00538B33 /* Frameworks */ = {
			isa = PBXFrameworksBuildPhase;
			buildActionMask = 2147483647;
			files = (
			);
			runOnlyForDeploymentPostprocessing = 0;
		};
		BFAA68E02DF89134001A4E40 /* Frameworks */ = {
			isa = PBXFrameworksBuildPhase;
			buildActionMask = 2147483647;
			files = (
			);
			runOnlyForDeploymentPostprocessing = 0;
		};
/* End PBXFrameworksBuildPhase section */

/* Begin PBXGroup section */
		3F2B2E0A2DDEB9ED00956565 = {
			isa = PBXGroup;
			children = (
				3F2B2E152DDEB9ED00956565 /* ALP_MAD_Joey */,
				3F2B2E232DDEB9EF00956565 /* ALP_MAD_JoeyTests */,
				3F2B2E2D2DDEB9EF00956565 /* ALP_MAD_JoeyUITests */,
				BFAA68E42DF89134001A4E40 /* LunarisIpad */,
				BF87E8172DF8B5FB00538B33 /* LunarisWatch Watch App */,
				BFAA68C32DF88533001A4E40 /* Frameworks */,
				3F2B2E142DDEB9ED00956565 /* Products */,
			);
			sourceTree = "<group>";
		};
		3F2B2E142DDEB9ED00956565 /* Products */ = {
			isa = PBXGroup;
			children = (
				3F2B2E132DDEB9ED00956565 /* ALP_MAD_Joey.app */,
				3F2B2E202DDEB9EF00956565 /* ALP_MAD_JoeyTests.xctest */,
				3F2B2E2A2DDEB9EF00956565 /* ALP_MAD_JoeyUITests.xctest */,
				BFAA68E32DF89134001A4E40 /* LunarisIpad.app */,
				BF87E8162DF8B5FB00538B33 /* LunarisWatch Watch App.app */,
			);
			name = Products;
			sourceTree = "<group>";
		};
		BFAA68C32DF88533001A4E40 /* Frameworks */ = {
			isa = PBXGroup;
			children = (
				BFAA68C42DF88533001A4E40 /* WatchConnectivity.framework */,
			);
			name = Frameworks;
			sourceTree = "<group>";
		};
/* End PBXGroup section */

/* Begin PBXNativeTarget section */
		3F2B2E122DDEB9ED00956565 /* ALP_MAD_Joey */ = {
			isa = PBXNativeTarget;
			buildConfigurationList = 3F2B2E342DDEB9EF00956565 /* Build configuration list for PBXNativeTarget "ALP_MAD_Joey" */;
			buildPhases = (
				3F2B2E0F2DDEB9ED00956565 /* Sources */,
				3F2B2E102DDEB9ED00956565 /* Frameworks */,
				3F2B2E112DDEB9ED00956565 /* Resources */,
				F9EDFE6E2DF8A41800478AA3 /* Embed Watch Content */,
			);
			buildRules = (
			);
			dependencies = (
				BF87E81F2DF8B60200538B33 /* PBXTargetDependency */,
			);
			fileSystemSynchronizedGroups = (
				3F2B2E152DDEB9ED00956565 /* ALP_MAD_Joey */,
			);
			name = ALP_MAD_Joey;
			packageProductDependencies = (
			);
			productName = ALP_MAD_Joey;
			productReference = 3F2B2E132DDEB9ED00956565 /* ALP_MAD_Joey.app */;
			productType = "com.apple.product-type.application";
		};
		3F2B2E1F2DDEB9EF00956565 /* ALP_MAD_JoeyTests */ = {
			isa = PBXNativeTarget;
			buildConfigurationList = 3F2B2E372DDEB9EF00956565 /* Build configuration list for PBXNativeTarget "ALP_MAD_JoeyTests" */;
			buildPhases = (
				3F2B2E1C2DDEB9EF00956565 /* Sources */,
				3F2B2E1D2DDEB9EF00956565 /* Frameworks */,
				3F2B2E1E2DDEB9EF00956565 /* Resources */,
			);
			buildRules = (
			);
			dependencies = (
				3F2B2E222DDEB9EF00956565 /* PBXTargetDependency */,
			);
			fileSystemSynchronizedGroups = (
				3F2B2E232DDEB9EF00956565 /* ALP_MAD_JoeyTests */,
			);
			name = ALP_MAD_JoeyTests;
			packageProductDependencies = (
			);
			productName = ALP_MAD_JoeyTests;
			productReference = 3F2B2E202DDEB9EF00956565 /* ALP_MAD_JoeyTests.xctest */;
			productType = "com.apple.product-type.bundle.unit-test";
		};
		3F2B2E292DDEB9EF00956565 /* ALP_MAD_JoeyUITests */ = {
			isa = PBXNativeTarget;
			buildConfigurationList = 3F2B2E3A2DDEB9EF00956565 /* Build configuration list for PBXNativeTarget "ALP_MAD_JoeyUITests" */;
			buildPhases = (
				3F2B2E262DDEB9EF00956565 /* Sources */,
				3F2B2E272DDEB9EF00956565 /* Frameworks */,
				3F2B2E282DDEB9EF00956565 /* Resources */,
			);
			buildRules = (
			);
			dependencies = (
				3F2B2E2C2DDEB9EF00956565 /* PBXTargetDependency */,
			);
			fileSystemSynchronizedGroups = (
				3F2B2E2D2DDEB9EF00956565 /* ALP_MAD_JoeyUITests */,
			);
			name = ALP_MAD_JoeyUITests;
			packageProductDependencies = (
			);
			productName = ALP_MAD_JoeyUITests;
			productReference = 3F2B2E2A2DDEB9EF00956565 /* ALP_MAD_JoeyUITests.xctest */;
			productType = "com.apple.product-type.bundle.ui-testing";
		};
		BF87E8152DF8B5FB00538B33 /* LunarisWatch Watch App */ = {
			isa = PBXNativeTarget;
			buildConfigurationList = BF87E8212DF8B60200538B33 /* Build configuration list for PBXNativeTarget "LunarisWatch Watch App" */;
			buildPhases = (
				BF87E8122DF8B5FB00538B33 /* Sources */,
				BF87E8132DF8B5FB00538B33 /* Frameworks */,
				BF87E8142DF8B5FB00538B33 /* Resources */,
			);
			buildRules = (
			);
			dependencies = (
			);
			fileSystemSynchronizedGroups = (
				BF87E8172DF8B5FB00538B33 /* LunarisWatch Watch App */,
			);
			name = "LunarisWatch Watch App";
			packageProductDependencies = (
			);
			productName = "LunarisWatch Watch App";
			productReference = BF87E8162DF8B5FB00538B33 /* LunarisWatch Watch App.app */;
			productType = "com.apple.product-type.application";
		};
		BFAA68E22DF89134001A4E40 /* LunarisIpad */ = {
			isa = PBXNativeTarget;
			buildConfigurationList = BFAA68EB2DF89138001A4E40 /* Build configuration list for PBXNativeTarget "LunarisIpad" */;
			buildPhases = (
				BFAA68DF2DF89134001A4E40 /* Sources */,
				BFAA68E02DF89134001A4E40 /* Frameworks */,
				BFAA68E12DF89134001A4E40 /* Resources */,
			);
			buildRules = (
			);
			dependencies = (
				BF87E80F2DF8B4FE00538B33 /* PBXTargetDependency */,
			);
			fileSystemSynchronizedGroups = (
				BFAA68E42DF89134001A4E40 /* LunarisIpad */,
			);
			name = LunarisIpad;
			packageProductDependencies = (
			);
			productName = LunarisIpad;
			productReference = BFAA68E32DF89134001A4E40 /* LunarisIpad.app */;
			productType = "com.apple.product-type.application";
		};
/* End PBXNativeTarget section */

/* Begin PBXProject section */
		3F2B2E0B2DDEB9ED00956565 /* Project object */ = {
			isa = PBXProject;
			attributes = {
				BuildIndependentTargetsInParallel = 1;
				LastSwiftUpdateCheck = 1630;
				LastUpgradeCheck = 1630;
				TargetAttributes = {
					3F2B2E122DDEB9ED00956565 = {
						CreatedOnToolsVersion = 16.3;
					};
					3F2B2E1F2DDEB9EF00956565 = {
						CreatedOnToolsVersion = 16.3;
						TestTargetID = 3F2B2E122DDEB9ED00956565;
					};
					3F2B2E292DDEB9EF00956565 = {
						CreatedOnToolsVersion = 16.3;
						TestTargetID = 3F2B2E122DDEB9ED00956565;
					};
					BF87E8152DF8B5FB00538B33 = {
						CreatedOnToolsVersion = 16.3;
					};
					BFAA68E22DF89134001A4E40 = {
						CreatedOnToolsVersion = 16.3;
					};
				};
			};
			buildConfigurationList = 3F2B2E0E2DDEB9ED00956565 /* Build configuration list for PBXProject "ALP_MAD_Joey" */;
			developmentRegion = en;
			hasScannedForEncodings = 0;
			knownRegions = (
				en,
				Base,
			);
			mainGroup = 3F2B2E0A2DDEB9ED00956565;
			minimizedProjectReferenceProxies = 1;
			preferredProjectObjectVersion = 77;
			productRefGroup = 3F2B2E142DDEB9ED00956565 /* Products */;
			projectDirPath = "";
			projectRoot = "";
			targets = (
				3F2B2E122DDEB9ED00956565 /* ALP_MAD_Joey */,
				3F2B2E1F2DDEB9EF00956565 /* ALP_MAD_JoeyTests */,
				3F2B2E292DDEB9EF00956565 /* ALP_MAD_JoeyUITests */,
				BFAA68E22DF89134001A4E40 /* LunarisIpad */,
				BF87E8152DF8B5FB00538B33 /* LunarisWatch Watch App */,
			);
		};
/* End PBXProject section */

/* Begin PBXResourcesBuildPhase section */
		3F2B2E112DDEB9ED00956565 /* Resources */ = {
			isa = PBXResourcesBuildPhase;
			buildActionMask = 2147483647;
			files = (
			);
			runOnlyForDeploymentPostprocessing = 0;
		};
		3F2B2E1E2DDEB9EF00956565 /* Resources */ = {
			isa = PBXResourcesBuildPhase;
			buildActionMask = 2147483647;
			files = (
			);
			runOnlyForDeploymentPostprocessing = 0;
		};
		3F2B2E282DDEB9EF00956565 /* Resources */ = {
			isa = PBXResourcesBuildPhase;
			buildActionMask = 2147483647;
			files = (
			);
			runOnlyForDeploymentPostprocessing = 0;
		};
		BF87E8142DF8B5FB00538B33 /* Resources */ = {
			isa = PBXResourcesBuildPhase;
			buildActionMask = 2147483647;
			files = (
			);
			runOnlyForDeploymentPostprocessing = 0;
		};
		BFAA68E12DF89134001A4E40 /* Resources */ = {
			isa = PBXResourcesBuildPhase;
			buildActionMask = 2147483647;
			files = (
			);
			runOnlyForDeploymentPostprocessing = 0;
		};
/* End PBXResourcesBuildPhase section */

/* Begin PBXSourcesBuildPhase section */
		3F2B2E0F2DDEB9ED00956565 /* Sources */ = {
			isa = PBXSourcesBuildPhase;
			buildActionMask = 2147483647;
			files = (
			);
			runOnlyForDeploymentPostprocessing = 0;
		};
		3F2B2E1C2DDEB9EF00956565 /* Sources */ = {
			isa = PBXSourcesBuildPhase;
			buildActionMask = 2147483647;
			files = (
			);
			runOnlyForDeploymentPostprocessing = 0;
		};
		3F2B2E262DDEB9EF00956565 /* Sources */ = {
			isa = PBXSourcesBuildPhase;
			buildActionMask = 2147483647;
			files = (
			);
			runOnlyForDeploymentPostprocessing = 0;
		};
		BF87E8122DF8B5FB00538B33 /* Sources */ = {
			isa = PBXSourcesBuildPhase;
			buildActionMask = 2147483647;
			files = (
			);
			runOnlyForDeploymentPostprocessing = 0;
		};
		BFAA68DF2DF89134001A4E40 /* Sources */ = {
			isa = PBXSourcesBuildPhase;
			buildActionMask = 2147483647;
			files = (
			);
			runOnlyForDeploymentPostprocessing = 0;
		};
/* End PBXSourcesBuildPhase section */

/* Begin PBXTargetDependency section */
		3F2B2E222DDEB9EF00956565 /* PBXTargetDependency */ = {
			isa = PBXTargetDependency;
			target = 3F2B2E122DDEB9ED00956565 /* ALP_MAD_Joey */;
			targetProxy = 3F2B2E212DDEB9EF00956565 /* PBXContainerItemProxy */;
		};
		3F2B2E2C2DDEB9EF00956565 /* PBXTargetDependency */ = {
			isa = PBXTargetDependency;
			target = 3F2B2E122DDEB9ED00956565 /* ALP_MAD_Joey */;
			targetProxy = 3F2B2E2B2DDEB9EF00956565 /* PBXContainerItemProxy */;
		};
		BF87E80F2DF8B4FE00538B33 /* PBXTargetDependency */ = {
			isa = PBXTargetDependency;
			target = 3F2B2E122DDEB9ED00956565 /* ALP_MAD_Joey */;
			targetProxy = BF87E80E2DF8B4FE00538B33 /* PBXContainerItemProxy */;
		};
		BF87E81F2DF8B60200538B33 /* PBXTargetDependency */ = {
			isa = PBXTargetDependency;
			target = BF87E8152DF8B5FB00538B33 /* LunarisWatch Watch App */;
			targetProxy = BF87E81E2DF8B60200538B33 /* PBXContainerItemProxy */;
		};
/* End PBXTargetDependency section */

/* Begin XCBuildConfiguration section */
		3F2B2E322DDEB9EF00956565 /* Debug */ = {
			isa = XCBuildConfiguration;
			buildSettings = {
				ALWAYS_SEARCH_USER_PATHS = NO;
				ASSETCATALOG_COMPILER_GENERATE_SWIFT_ASSET_SYMBOL_EXTENSIONS = YES;
				CLANG_ANALYZER_NONNULL = YES;
				CLANG_ANALYZER_NUMBER_OBJECT_CONVERSION = YES_AGGRESSIVE;
				CLANG_CXX_LANGUAGE_STANDARD = "gnu++20";
				CLANG_ENABLE_MODULES = YES;
				CLANG_ENABLE_OBJC_ARC = YES;
				CLANG_ENABLE_OBJC_WEAK = YES;
				CLANG_WARN_BLOCK_CAPTURE_AUTORELEASING = YES;
				CLANG_WARN_BOOL_CONVERSION = YES;
				CLANG_WARN_COMMA = YES;
				CLANG_WARN_CONSTANT_CONVERSION = YES;
				CLANG_WARN_DEPRECATED_OBJC_IMPLEMENTATIONS = YES;
				CLANG_WARN_DIRECT_OBJC_ISA_USAGE = YES_ERROR;
				CLANG_WARN_DOCUMENTATION_COMMENTS = YES;
				CLANG_WARN_EMPTY_BODY = YES;
				CLANG_WARN_ENUM_CONVERSION = YES;
				CLANG_WARN_INFINITE_RECURSION = YES;
				CLANG_WARN_INT_CONVERSION = YES;
				CLANG_WARN_NON_LITERAL_NULL_CONVERSION = YES;
				CLANG_WARN_OBJC_IMPLICIT_RETAIN_SELF = YES;
				CLANG_WARN_OBJC_LITERAL_CONVERSION = YES;
				CLANG_WARN_OBJC_ROOT_CLASS = YES_ERROR;
				CLANG_WARN_QUOTED_INCLUDE_IN_FRAMEWORK_HEADER = YES;
				CLANG_WARN_RANGE_LOOP_ANALYSIS = YES;
				CLANG_WARN_STRICT_PROTOTYPES = YES;
				CLANG_WARN_SUSPICIOUS_MOVE = YES;
				CLANG_WARN_UNGUARDED_AVAILABILITY = YES_AGGRESSIVE;
				CLANG_WARN_UNREACHABLE_CODE = YES;
				CLANG_WARN__DUPLICATE_METHOD_MATCH = YES;
				COPY_PHASE_STRIP = NO;
				DEBUG_INFORMATION_FORMAT = dwarf;
				ENABLE_STRICT_OBJC_MSGSEND = YES;
				ENABLE_TESTABILITY = YES;
				ENABLE_USER_SCRIPT_SANDBOXING = YES;
				GCC_C_LANGUAGE_STANDARD = gnu17;
				GCC_DYNAMIC_NO_PIC = NO;
				GCC_NO_COMMON_BLOCKS = YES;
				GCC_OPTIMIZATION_LEVEL = 0;
				GCC_PREPROCESSOR_DEFINITIONS = (
					"DEBUG=1",
					"$(inherited)",
				);
				GCC_WARN_64_TO_32_BIT_CONVERSION = YES;
				GCC_WARN_ABOUT_RETURN_TYPE = YES_ERROR;
				GCC_WARN_UNDECLARED_SELECTOR = YES;
				GCC_WARN_UNINITIALIZED_AUTOS = YES_AGGRESSIVE;
				GCC_WARN_UNUSED_FUNCTION = YES;
				GCC_WARN_UNUSED_VARIABLE = YES;
				IPHONEOS_DEPLOYMENT_TARGET = 18.4;
				LOCALIZATION_PREFERS_STRING_CATALOGS = YES;
				MTL_ENABLE_DEBUG_INFO = INCLUDE_SOURCE;
				MTL_FAST_MATH = YES;
				ONLY_ACTIVE_ARCH = YES;
				SDKROOT = iphoneos;
				SWIFT_ACTIVE_COMPILATION_CONDITIONS = "DEBUG $(inherited)";
				SWIFT_OPTIMIZATION_LEVEL = "-Onone";
			};
			name = Debug;
		};
		3F2B2E332DDEB9EF00956565 /* Release */ = {
			isa = XCBuildConfiguration;
			buildSettings = {
				ALWAYS_SEARCH_USER_PATHS = NO;
				ASSETCATALOG_COMPILER_GENERATE_SWIFT_ASSET_SYMBOL_EXTENSIONS = YES;
				CLANG_ANALYZER_NONNULL = YES;
				CLANG_ANALYZER_NUMBER_OBJECT_CONVERSION = YES_AGGRESSIVE;
				CLANG_CXX_LANGUAGE_STANDARD = "gnu++20";
				CLANG_ENABLE_MODULES = YES;
				CLANG_ENABLE_OBJC_ARC = YES;
				CLANG_ENABLE_OBJC_WEAK = YES;
				CLANG_WARN_BLOCK_CAPTURE_AUTORELEASING = YES;
				CLANG_WARN_BOOL_CONVERSION = YES;
				CLANG_WARN_COMMA = YES;
				CLANG_WARN_CONSTANT_CONVERSION = YES;
				CLANG_WARN_DEPRECATED_OBJC_IMPLEMENTATIONS = YES;
				CLANG_WARN_DIRECT_OBJC_ISA_USAGE = YES_ERROR;
				CLANG_WARN_DOCUMENTATION_COMMENTS = YES;
				CLANG_WARN_EMPTY_BODY = YES;
				CLANG_WARN_ENUM_CONVERSION = YES;
				CLANG_WARN_INFINITE_RECURSION = YES;
				CLANG_WARN_INT_CONVERSION = YES;
				CLANG_WARN_NON_LITERAL_NULL_CONVERSION = YES;
				CLANG_WARN_OBJC_IMPLICIT_RETAIN_SELF = YES;
				CLANG_WARN_OBJC_LITERAL_CONVERSION = YES;
				CLANG_WARN_OBJC_ROOT_CLASS = YES_ERROR;
				CLANG_WARN_QUOTED_INCLUDE_IN_FRAMEWORK_HEADER = YES;
				CLANG_WARN_RANGE_LOOP_ANALYSIS = YES;
				CLANG_WARN_STRICT_PROTOTYPES = YES;
				CLANG_WARN_SUSPICIOUS_MOVE = YES;
				CLANG_WARN_UNGUARDED_AVAILABILITY = YES_AGGRESSIVE;
				CLANG_WARN_UNREACHABLE_CODE = YES;
				CLANG_WARN__DUPLICATE_METHOD_MATCH = YES;
				COPY_PHASE_STRIP = NO;
				DEBUG_INFORMATION_FORMAT = "dwarf-with-dsym";
				ENABLE_NS_ASSERTIONS = NO;
				ENABLE_STRICT_OBJC_MSGSEND = YES;
				ENABLE_USER_SCRIPT_SANDBOXING = YES;
				GCC_C_LANGUAGE_STANDARD = gnu17;
				GCC_NO_COMMON_BLOCKS = YES;
				GCC_WARN_64_TO_32_BIT_CONVERSION = YES;
				GCC_WARN_ABOUT_RETURN_TYPE = YES_ERROR;
				GCC_WARN_UNDECLARED_SELECTOR = YES;
				GCC_WARN_UNINITIALIZED_AUTOS = YES_AGGRESSIVE;
				GCC_WARN_UNUSED_FUNCTION = YES;
				GCC_WARN_UNUSED_VARIABLE = YES;
				IPHONEOS_DEPLOYMENT_TARGET = 18.4;
				LOCALIZATION_PREFERS_STRING_CATALOGS = YES;
				MTL_ENABLE_DEBUG_INFO = NO;
				MTL_FAST_MATH = YES;
				SDKROOT = iphoneos;
				SWIFT_COMPILATION_MODE = wholemodule;
				VALIDATE_PRODUCT = YES;
			};
			name = Release;
		};
		3F2B2E352DDEB9EF00956565 /* Debug */ = {
			isa = XCBuildConfiguration;
			buildSettings = {
				ASSETCATALOG_COMPILER_APPICON_NAME = AppIcon;
				ASSETCATALOG_COMPILER_GLOBAL_ACCENT_COLOR_NAME = AccentColor;
				CODE_SIGN_STYLE = Automatic;
				CURRENT_PROJECT_VERSION = 1;
				DEVELOPMENT_TEAM = QU4D5KRV4A;
				ENABLE_PREVIEWS = YES;
				GENERATE_INFOPLIST_FILE = YES;
				INFOPLIST_KEY_CFBundleDisplayName = Lunaris;
				INFOPLIST_KEY_UIApplicationSceneManifest_Generation = YES;
				INFOPLIST_KEY_UIApplicationSupportsIndirectInputEvents = YES;
				INFOPLIST_KEY_UILaunchScreen_Generation = YES;
				INFOPLIST_KEY_UISupportedInterfaceOrientations_iPad = "UIInterfaceOrientationPortrait UIInterfaceOrientationPortraitUpsideDown UIInterfaceOrientationLandscapeLeft UIInterfaceOrientationLandscapeRight";
				INFOPLIST_KEY_UISupportedInterfaceOrientations_iPhone = "UIInterfaceOrientationPortrait UIInterfaceOrientationLandscapeLeft UIInterfaceOrientationLandscapeRight";
				IPHONEOS_DEPLOYMENT_TARGET = 18.0;
				LD_RUNPATH_SEARCH_PATHS = (
					"$(inherited)",
					"@executable_path/Frameworks",
				);
				MARKETING_VERSION = 1.0;
				PRODUCT_BUNDLE_IDENTIFIER = "UC-MAD-Meditation3";
				PRODUCT_NAME = "$(TARGET_NAME)";
				SWIFT_EMIT_LOC_STRINGS = YES;
				SWIFT_VERSION = 5.0;
				TARGETED_DEVICE_FAMILY = "1,2";
			};
			name = Debug;
		};
		3F2B2E362DDEB9EF00956565 /* Release */ = {
			isa = XCBuildConfiguration;
			buildSettings = {
				ASSETCATALOG_COMPILER_APPICON_NAME = AppIcon;
				ASSETCATALOG_COMPILER_GLOBAL_ACCENT_COLOR_NAME = AccentColor;
				CODE_SIGN_STYLE = Automatic;
				CURRENT_PROJECT_VERSION = 1;
				DEVELOPMENT_TEAM = QU4D5KRV4A;
				ENABLE_PREVIEWS = YES;
				GENERATE_INFOPLIST_FILE = YES;
				INFOPLIST_KEY_CFBundleDisplayName = Lunaris;
				INFOPLIST_KEY_UIApplicationSceneManifest_Generation = YES;
				INFOPLIST_KEY_UIApplicationSupportsIndirectInputEvents = YES;
				INFOPLIST_KEY_UILaunchScreen_Generation = YES;
				INFOPLIST_KEY_UISupportedInterfaceOrientations_iPad = "UIInterfaceOrientationPortrait UIInterfaceOrientationPortraitUpsideDown UIInterfaceOrientationLandscapeLeft UIInterfaceOrientationLandscapeRight";
				INFOPLIST_KEY_UISupportedInterfaceOrientations_iPhone = "UIInterfaceOrientationPortrait UIInterfaceOrientationLandscapeLeft UIInterfaceOrientationLandscapeRight";
				IPHONEOS_DEPLOYMENT_TARGET = 18.0;
				LD_RUNPATH_SEARCH_PATHS = (
					"$(inherited)",
					"@executable_path/Frameworks",
				);
				MARKETING_VERSION = 1.0;
				PRODUCT_BUNDLE_IDENTIFIER = "UC-MAD-Meditation3";
				PRODUCT_NAME = "$(TARGET_NAME)";
				SWIFT_EMIT_LOC_STRINGS = YES;
				SWIFT_VERSION = 5.0;
				TARGETED_DEVICE_FAMILY = "1,2";
			};
			name = Release;
		};
		3F2B2E382DDEB9EF00956565 /* Debug */ = {
			isa = XCBuildConfiguration;
			buildSettings = {
				BUNDLE_LOADER = "$(TEST_HOST)";
				CODE_SIGN_STYLE = Automatic;
				CURRENT_PROJECT_VERSION = 1;
				GENERATE_INFOPLIST_FILE = YES;
				IPHONEOS_DEPLOYMENT_TARGET = 18.4;
				MARKETING_VERSION = 1.0;
				PRODUCT_BUNDLE_IDENTIFIER = "UC-IMT.ALP-MAD-JoeyTests";
				PRODUCT_NAME = "$(TARGET_NAME)";
				SWIFT_EMIT_LOC_STRINGS = NO;
				SWIFT_VERSION = 5.0;
				TARGETED_DEVICE_FAMILY = "1,2";
				TEST_HOST = "$(BUILT_PRODUCTS_DIR)/ALP_MAD_Joey.app/$(BUNDLE_EXECUTABLE_FOLDER_PATH)/ALP_MAD_Joey";
			};
			name = Debug;
		};
		3F2B2E392DDEB9EF00956565 /* Release */ = {
			isa = XCBuildConfiguration;
			buildSettings = {
				BUNDLE_LOADER = "$(TEST_HOST)";
				CODE_SIGN_STYLE = Automatic;
				CURRENT_PROJECT_VERSION = 1;
				GENERATE_INFOPLIST_FILE = YES;
				IPHONEOS_DEPLOYMENT_TARGET = 18.4;
				MARKETING_VERSION = 1.0;
				PRODUCT_BUNDLE_IDENTIFIER = "UC-IMT.ALP-MAD-JoeyTests";
				PRODUCT_NAME = "$(TARGET_NAME)";
				SWIFT_EMIT_LOC_STRINGS = NO;
				SWIFT_VERSION = 5.0;
				TARGETED_DEVICE_FAMILY = "1,2";
				TEST_HOST = "$(BUILT_PRODUCTS_DIR)/ALP_MAD_Joey.app/$(BUNDLE_EXECUTABLE_FOLDER_PATH)/ALP_MAD_Joey";
			};
			name = Release;
		};
		3F2B2E3B2DDEB9EF00956565 /* Debug */ = {
			isa = XCBuildConfiguration;
			buildSettings = {
				CODE_SIGN_STYLE = Automatic;
				CURRENT_PROJECT_VERSION = 1;
				GENERATE_INFOPLIST_FILE = YES;
				MARKETING_VERSION = 1.0;
				PRODUCT_BUNDLE_IDENTIFIER = "UC-IMT.ALP-MAD-JoeyUITests";
				PRODUCT_NAME = "$(TARGET_NAME)";
				SWIFT_EMIT_LOC_STRINGS = NO;
				SWIFT_VERSION = 5.0;
				TARGETED_DEVICE_FAMILY = "1,2";
				TEST_TARGET_NAME = ALP_MAD_Joey;
			};
			name = Debug;
		};
		3F2B2E3C2DDEB9EF00956565 /* Release */ = {
			isa = XCBuildConfiguration;
			buildSettings = {
				CODE_SIGN_STYLE = Automatic;
				CURRENT_PROJECT_VERSION = 1;
				GENERATE_INFOPLIST_FILE = YES;
				MARKETING_VERSION = 1.0;
				PRODUCT_BUNDLE_IDENTIFIER = "UC-IMT.ALP-MAD-JoeyUITests";
				PRODUCT_NAME = "$(TARGET_NAME)";
				SWIFT_EMIT_LOC_STRINGS = NO;
				SWIFT_VERSION = 5.0;
				TARGETED_DEVICE_FAMILY = "1,2";
				TEST_TARGET_NAME = ALP_MAD_Joey;
			};
			name = Release;
		};
		BF87E8222DF8B60200538B33 /* Debug */ = {
			isa = XCBuildConfiguration;
			buildSettings = {
				ASSETCATALOG_COMPILER_APPICON_NAME = AppIcon;
				ASSETCATALOG_COMPILER_GLOBAL_ACCENT_COLOR_NAME = AccentColor;
				CODE_SIGN_STYLE = Automatic;
				CURRENT_PROJECT_VERSION = 1;
				DEVELOPMENT_TEAM = QU4D5KRV4A;
				ENABLE_PREVIEWS = YES;
				GENERATE_INFOPLIST_FILE = YES;
				INFOPLIST_KEY_CFBundleDisplayName = LunarisWatch;
				INFOPLIST_KEY_UISupportedInterfaceOrientations = "UIInterfaceOrientationPortrait UIInterfaceOrientationPortraitUpsideDown";
				INFOPLIST_KEY_WKCompanionAppBundleIdentifier = "UC-MAD-Meditation2";
				LD_RUNPATH_SEARCH_PATHS = (
					"$(inherited)",
					"@executable_path/Frameworks",
				);
				MARKETING_VERSION = 1.0;
				PRODUCT_BUNDLE_IDENTIFIER = "UC-MAD-Meditation3.watchkitapp";
				PRODUCT_NAME = "$(TARGET_NAME)";
				SDKROOT = watchos;
				SKIP_INSTALL = YES;
				SWIFT_EMIT_LOC_STRINGS = YES;
				SWIFT_VERSION = 5.0;
				TARGETED_DEVICE_FAMILY = 4;
				WATCHOS_DEPLOYMENT_TARGET = 11.4;
			};
			name = Debug;
		};
		BF87E8232DF8B60200538B33 /* Release */ = {
			isa = XCBuildConfiguration;
			buildSettings = {
				ASSETCATALOG_COMPILER_APPICON_NAME = AppIcon;
				ASSETCATALOG_COMPILER_GLOBAL_ACCENT_COLOR_NAME = AccentColor;
				CODE_SIGN_STYLE = Automatic;
				CURRENT_PROJECT_VERSION = 1;
				DEVELOPMENT_TEAM = QU4D5KRV4A;
				ENABLE_PREVIEWS = YES;
				GENERATE_INFOPLIST_FILE = YES;
				INFOPLIST_KEY_CFBundleDisplayName = LunarisWatch;
				INFOPLIST_KEY_UISupportedInterfaceOrientations = "UIInterfaceOrientationPortrait UIInterfaceOrientationPortraitUpsideDown";
				INFOPLIST_KEY_WKCompanionAppBundleIdentifier = "UC-MAD-Meditation2";
				LD_RUNPATH_SEARCH_PATHS = (
					"$(inherited)",
					"@executable_path/Frameworks",
				);
				MARKETING_VERSION = 1.0;
				PRODUCT_BUNDLE_IDENTIFIER = "UC-MAD-Meditation3.watchkitapp";
				PRODUCT_NAME = "$(TARGET_NAME)";
				SDKROOT = watchos;
				SKIP_INSTALL = YES;
				SWIFT_EMIT_LOC_STRINGS = YES;
				SWIFT_VERSION = 5.0;
				TARGETED_DEVICE_FAMILY = 4;
				WATCHOS_DEPLOYMENT_TARGET = 11.4;
			};
			name = Release;
		};
		BFAA68EC2DF89138001A4E40 /* Debug */ = {
			isa = XCBuildConfiguration;
			buildSettings = {
				ASSETCATALOG_COMPILER_APPICON_NAME = AppIcon;
				ASSETCATALOG_COMPILER_GLOBAL_ACCENT_COLOR_NAME = AccentColor;
				CODE_SIGN_STYLE = Automatic;
				CURRENT_PROJECT_VERSION = 1;
				ENABLE_PREVIEWS = YES;
				GENERATE_INFOPLIST_FILE = YES;
				INFOPLIST_KEY_UIApplicationSceneManifest_Generation = YES;
				INFOPLIST_KEY_UIApplicationSupportsIndirectInputEvents = YES;
				INFOPLIST_KEY_UILaunchScreen_Generation = YES;
				INFOPLIST_KEY_UISupportedInterfaceOrientations_iPad = "UIInterfaceOrientationPortrait UIInterfaceOrientationPortraitUpsideDown UIInterfaceOrientationLandscapeLeft UIInterfaceOrientationLandscapeRight";
				INFOPLIST_KEY_UISupportedInterfaceOrientations_iPhone = "UIInterfaceOrientationPortrait UIInterfaceOrientationLandscapeLeft UIInterfaceOrientationLandscapeRight";
				LD_RUNPATH_SEARCH_PATHS = (
					"$(inherited)",
					"@executable_path/Frameworks",
				);
				MARKETING_VERSION = 1.0;
				PRODUCT_BUNDLE_IDENTIFIER = calvin.LunarisIpad;
				PRODUCT_NAME = "$(TARGET_NAME)";
				SWIFT_EMIT_LOC_STRINGS = YES;
				SWIFT_VERSION = 5.0;
				TARGETED_DEVICE_FAMILY = "1,2";
			};
			name = Debug;
		};
		BFAA68ED2DF89138001A4E40 /* Release */ = {
			isa = XCBuildConfiguration;
			buildSettings = {
				ASSETCATALOG_COMPILER_APPICON_NAME = AppIcon;
				ASSETCATALOG_COMPILER_GLOBAL_ACCENT_COLOR_NAME = AccentColor;
				CODE_SIGN_STYLE = Automatic;
				CURRENT_PROJECT_VERSION = 1;
				ENABLE_PREVIEWS = YES;
				GENERATE_INFOPLIST_FILE = YES;
				INFOPLIST_KEY_UIApplicationSceneManifest_Generation = YES;
				INFOPLIST_KEY_UIApplicationSupportsIndirectInputEvents = YES;
				INFOPLIST_KEY_UILaunchScreen_Generation = YES;
				INFOPLIST_KEY_UISupportedInterfaceOrientations_iPad = "UIInterfaceOrientationPortrait UIInterfaceOrientationPortraitUpsideDown UIInterfaceOrientationLandscapeLeft UIInterfaceOrientationLandscapeRight";
				INFOPLIST_KEY_UISupportedInterfaceOrientations_iPhone = "UIInterfaceOrientationPortrait UIInterfaceOrientationLandscapeLeft UIInterfaceOrientationLandscapeRight";
				LD_RUNPATH_SEARCH_PATHS = (
					"$(inherited)",
					"@executable_path/Frameworks",
				);
				MARKETING_VERSION = 1.0;
				PRODUCT_BUNDLE_IDENTIFIER = calvin.LunarisIpad;
				PRODUCT_NAME = "$(TARGET_NAME)";
				SWIFT_EMIT_LOC_STRINGS = YES;
				SWIFT_VERSION = 5.0;
				TARGETED_DEVICE_FAMILY = "1,2";
			};
			name = Release;
		};
/* End XCBuildConfiguration section */

/* Begin XCConfigurationList section */
		3F2B2E0E2DDEB9ED00956565 /* Build configuration list for PBXProject "ALP_MAD_Joey" */ = {
			isa = XCConfigurationList;
			buildConfigurations = (
				3F2B2E322DDEB9EF00956565 /* Debug */,
				3F2B2E332DDEB9EF00956565 /* Release */,
			);
			defaultConfigurationIsVisible = 0;
			defaultConfigurationName = Release;
		};
		3F2B2E342DDEB9EF00956565 /* Build configuration list for PBXNativeTarget "ALP_MAD_Joey" */ = {
			isa = XCConfigurationList;
			buildConfigurations = (
				3F2B2E352DDEB9EF00956565 /* Debug */,
				3F2B2E362DDEB9EF00956565 /* Release */,
			);
			defaultConfigurationIsVisible = 0;
			defaultConfigurationName = Release;
		};
		3F2B2E372DDEB9EF00956565 /* Build configuration list for PBXNativeTarget "ALP_MAD_JoeyTests" */ = {
			isa = XCConfigurationList;
			buildConfigurations = (
				3F2B2E382DDEB9EF00956565 /* Debug */,
				3F2B2E392DDEB9EF00956565 /* Release */,
			);
			defaultConfigurationIsVisible = 0;
			defaultConfigurationName = Release;
		};
		3F2B2E3A2DDEB9EF00956565 /* Build configuration list for PBXNativeTarget "ALP_MAD_JoeyUITests" */ = {
			isa = XCConfigurationList;
			buildConfigurations = (
				3F2B2E3B2DDEB9EF00956565 /* Debug */,
				3F2B2E3C2DDEB9EF00956565 /* Release */,
			);
			defaultConfigurationIsVisible = 0;
			defaultConfigurationName = Release;
		};
		BF87E8212DF8B60200538B33 /* Build configuration list for PBXNativeTarget "LunarisWatch Watch App" */ = {
			isa = XCConfigurationList;
			buildConfigurations = (
				BF87E8222DF8B60200538B33 /* Debug */,
				BF87E8232DF8B60200538B33 /* Release */,
			);
			defaultConfigurationIsVisible = 0;
			defaultConfigurationName = Release;
		};
		BFAA68EB2DF89138001A4E40 /* Build configuration list for PBXNativeTarget "LunarisIpad" */ = {
			isa = XCConfigurationList;
			buildConfigurations = (
				BFAA68EC2DF89138001A4E40 /* Debug */,
				BFAA68ED2DF89138001A4E40 /* Release */,
			);
			defaultConfigurationIsVisible = 0;
			defaultConfigurationName = Release;
		};
/* End XCConfigurationList section */
	};
	rootObject = 3F2B2E0B2DDEB9ED00956565 /* Project object */;
}
